
Microsoft Visual Studio Solution File, Format Version 12.00
# Visual Studio 15
VisualStudioVersion = 15.0.28307.271
MinimumVisualStudioVersion = 10.0.40219.1
Project("{FAE04EC0-301F-11D3-BF4B-00C04F79EFBC}") = "webScrappingJsonConsoleAPp", "megasenaeuacho\webScrappingJsonConsoleAPp.csproj", "{1E3A9DC7-9A40-4578-B1C2-D07EC2133D71}"
EndProject
Global
	GlobalSection(SolutionConfigurationPlatforms) = preSolution
		Debug|Any CPU = Debug|Any CPU
		Release|Any CPU = Release|Any CPU
	EndGlobalSection
	GlobalSection(ProjectConfigurationPlatforms) = postSolution
		{1E3A9DC7-9A40-4578-B1C2-D07EC2133D71}.Debug|Any CPU.ActiveCfg = Debug|Any CPU
		{1E3A9DC7-9A40-4578-B1C2-D07EC2133D71}.Debug|Any CPU.Build.0 = Debug|Any CPU
		{1E3A9DC7-9A40-4578-B1C2-D07EC2133D71}.Release|Any CPU.ActiveCfg = Release|Any CPU
		{1E3A9DC7-9A40-4578-B1C2-D07EC2133D71}.Release|Any CPU.Build.0 = Release|Any CPU
	EndGlobalSection
	GlobalSection(SolutionProperties) = preSolution
		HideSolutionNode = FALSE
	EndGlobalSection
	GlobalSection(ExtensibilityGlobals) = postSolution
		SolutionGuid = {0847E97F-5D75-4C28-98B5-2A4D4C42D98D}
	EndGlobalSection
EndGlobal
